
Microsoft Visual Studio Solution File, Format Version 12.00
Project("{FAE04EC0-301F-11D3-BF4B-00C04F79EFBC}") = "APBDTut2", "APBDTut2\APBDTut2.csproj", "{146549A6-15A1-41C7-A65D-B1090CC8F78A}"
EndProject
Project("{2150E333-8FDC-42A3-9474-1A3956D46DE8}") = "APBDTut3", "APBDTut3", "{849F95DD-2006-4F1F-A98A-9986165A4483}"
EndProject
Project("{FAE04EC0-301F-11D3-BF4B-00C04F79EFBC}") = "LegacyApp", "LegacyApp\LegacyApp.csproj", "{3C3231BD-C3E9-467E-843F-39A000533DE3}"
EndProject
Project("{FAE04EC0-301F-11D3-BF4B-00C04F79EFBC}") = "LegacyAppConsumer", "LegacyAppConsumer\LegacyAppConsumer.csproj", "{1E626E63-25E6-4DE2-9283-510A9A052608}"
EndProject
Project("{FAE04EC0-301F-11D3-BF4B-00C04F79EFBC}") = "LegacyAppTests", "LegacyAppTests\LegacyAppTests.csproj", "{20C48066-C3D9-4BAB-963F-5D5C678CEC55}"
EndProject
Project("{FAE04EC0-301F-11D3-BF4B-00C04F79EFBC}") = "Tutorial4Main", "Tutorial4\Tutorial4Main\Tutorial4Main.csproj", "{E78B7600-B54E-42A7-A6E3-224B3D4E6C07}"
EndProject
Project("{2150E333-8FDC-42A3-9474-1A3956D46DE8}") = "Tutorial4", "Tutorial4", "{E1C6CACA-78F7-416D-83C3-0BE76D1A6907}"
EndProject
Project("{FAE04EC0-301F-11D3-BF4B-00C04F79EFBC}") = "Tutorial4Tests", "Tutorial4Tests\Tutorial4Tests.csproj", "{E24B9EEB-9DEA-4977-8488-1E9317CD89EF}"
EndProject
Project("{FAE04EC0-301F-11D3-BF4B-00C04F79EFBC}") = "RESTApi", "RESTApi\RESTApi.csproj", "{9CBB80C4-1D92-4A34-930A-E39AB8067230}"
EndProject
Global
	GlobalSection(SolutionConfigurationPlatforms) = preSolution
		Debug|Any CPU = Debug|Any CPU
		Release|Any CPU = Release|Any CPU
	EndGlobalSection
	GlobalSection(ProjectConfigurationPlatforms) = postSolution
		{146549A6-15A1-41C7-A65D-B1090CC8F78A}.Debug|Any CPU.ActiveCfg = Debug|Any CPU
		{146549A6-15A1-41C7-A65D-B1090CC8F78A}.Debug|Any CPU.Build.0 = Debug|Any CPU
		{146549A6-15A1-41C7-A65D-B1090CC8F78A}.Release|Any CPU.ActiveCfg = Release|Any CPU
		{146549A6-15A1-41C7-A65D-B1090CC8F78A}.Release|Any CPU.Build.0 = Release|Any CPU
		{3C3231BD-C3E9-467E-843F-39A000533DE3}.Debug|Any CPU.ActiveCfg = Debug|Any CPU
		{3C3231BD-C3E9-467E-843F-39A000533DE3}.Debug|Any CPU.Build.0 = Debug|Any CPU
		{3C3231BD-C3E9-467E-843F-39A000533DE3}.Release|Any CPU.ActiveCfg = Release|Any CPU
		{3C3231BD-C3E9-467E-843F-39A000533DE3}.Release|Any CPU.Build.0 = Release|Any CPU
		{1E626E63-25E6-4DE2-9283-510A9A052608}.Debug|Any CPU.ActiveCfg = Debug|Any CPU
		{1E626E63-25E6-4DE2-9283-510A9A052608}.Debug|Any CPU.Build.0 = Debug|Any CPU
		{1E626E63-25E6-4DE2-9283-510A9A052608}.Release|Any CPU.ActiveCfg = Release|Any CPU
		{1E626E63-25E6-4DE2-9283-510A9A052608}.Release|Any CPU.Build.0 = Release|Any CPU
		{20C48066-C3D9-4BAB-963F-5D5C678CEC55}.Debug|Any CPU.ActiveCfg = Debug|Any CPU
		{20C48066-C3D9-4BAB-963F-5D5C678CEC55}.Debug|Any CPU.Build.0 = Debug|Any CPU
		{20C48066-C3D9-4BAB-963F-5D5C678CEC55}.Release|Any CPU.ActiveCfg = Release|Any CPU
		{20C48066-C3D9-4BAB-963F-5D5C678CEC55}.Release|Any CPU.Build.0 = Release|Any CPU
		{E78B7600-B54E-42A7-A6E3-224B3D4E6C07}.Debug|Any CPU.ActiveCfg = Debug|Any CPU
		{E78B7600-B54E-42A7-A6E3-224B3D4E6C07}.Debug|Any CPU.Build.0 = Debug|Any CPU
		{E78B7600-B54E-42A7-A6E3-224B3D4E6C07}.Release|Any CPU.ActiveCfg = Release|Any CPU
		{E78B7600-B54E-42A7-A6E3-224B3D4E6C07}.Release|Any CPU.Build.0 = Release|Any CPU
		{E24B9EEB-9DEA-4977-8488-1E9317CD89EF}.Debug|Any CPU.ActiveCfg = Debug|Any CPU
		{E24B9EEB-9DEA-4977-8488-1E9317CD89EF}.Debug|Any CPU.Build.0 = Debug|Any CPU
		{E24B9EEB-9DEA-4977-8488-1E9317CD89EF}.Release|Any CPU.ActiveCfg = Release|Any CPU
		{E24B9EEB-9DEA-4977-8488-1E9317CD89EF}.Release|Any CPU.Build.0 = Release|Any CPU
		{9CBB80C4-1D92-4A34-930A-E39AB8067230}.Debug|Any CPU.ActiveCfg = Debug|Any CPU
		{9CBB80C4-1D92-4A34-930A-E39AB8067230}.Debug|Any CPU.Build.0 = Debug|Any CPU
		{9CBB80C4-1D92-4A34-930A-E39AB8067230}.Release|Any CPU.ActiveCfg = Release|Any CPU
		{9CBB80C4-1D92-4A34-930A-E39AB8067230}.Release|Any CPU.Build.0 = Release|Any CPU
	EndGlobalSection
	GlobalSection(NestedProjects) = preSolution
		{3C3231BD-C3E9-467E-843F-39A000533DE3} = {849F95DD-2006-4F1F-A98A-9986165A4483}
		{1E626E63-25E6-4DE2-9283-510A9A052608} = {849F95DD-2006-4F1F-A98A-9986165A4483}
		{20C48066-C3D9-4BAB-963F-5D5C678CEC55} = {849F95DD-2006-4F1F-A98A-9986165A4483}
		{E78B7600-B54E-42A7-A6E3-224B3D4E6C07} = {E1C6CACA-78F7-416D-83C3-0BE76D1A6907}
		{E24B9EEB-9DEA-4977-8488-1E9317CD89EF} = {E1C6CACA-78F7-416D-83C3-0BE76D1A6907}
	EndGlobalSection
EndGlobal
